// !$*UTF8*$!
{
	archiveVersion = 1;
	classes = {
	};
	objectVersion = 56;
	objects = {

/* Begin PBXBuildFile section */
		A10001000000000000000001 /* NotsoraApp.swift in Sources */ = {isa = PBXBuildFile; fileRef = A20001000000000000000001 /* NotsoraApp.swift */; };
		A10002000000000000000002 /* AppConstants.swift in Sources */ = {isa = PBXBuildFile; fileRef = A20002000000000000000002 /* AppConstants.swift */; };
		A10003000000000000000003 /* VideoFile.swift in Sources */ = {isa = PBXBuildFile; fileRef = A20003000000000000000003 /* VideoFile.swift */; };
		A10004000000000000000004 /* CompressionSettings.swift in Sources */ = {isa = PBXBuildFile; fileRef = A20004000000000000000004 /* CompressionSettings.swift */; };
		A10005000000000000000005 /* MetadataFields.swift in Sources */ = {isa = PBXBuildFile; fileRef = A20005000000000000000005 /* MetadataFields.swift */; };
		A10006000000000000000006 /* CompressionJob.swift in Sources */ = {isa = PBXBuildFile; fileRef = A20006000000000000000006 /* CompressionJob.swift */; };
		A10007000000000000000007 /* VideoCodec.swift in Sources */ = {isa = PBXBuildFile; fileRef = A20007000000000000000007 /* VideoCodec.swift */; };
		A10008000000000000000008 /* AudioCodec.swift in Sources */ = {isa = PBXBuildFile; fileRef = A20008000000000000000008 /* AudioCodec.swift */; };
		A10009000000000000000009 /* TargetResolution.swift in Sources */ = {isa = PBXBuildFile; fileRef = A20009000000000000000009 /* TargetResolution.swift */; };
		A1000A00000000000000000A /* QualityMode.swift in Sources */ = {isa = PBXBuildFile; fileRef = A2000A00000000000000000A /* QualityMode.swift */; };
		A1000B00000000000000000B /* VideoListViewModel.swift in Sources */ = {isa = PBXBuildFile; fileRef = A2000B00000000000000000B /* VideoListViewModel.swift */; };
		A1000C00000000000000000C /* CompressionViewModel.swift in Sources */ = {isa = PBXBuildFile; fileRef = A2000C00000000000000000C /* CompressionViewModel.swift */; };
		A1000D00000000000000000D /* MetadataEditorViewModel.swift in Sources */ = {isa = PBXBuildFile; fileRef = A2000D00000000000000000D /* MetadataEditorViewModel.swift */; };
		A1000E00000000000000000E /* ContentView.swift in Sources */ = {isa = PBXBuildFile; fileRef = A2000E00000000000000000E /* ContentView.swift */; };
		A1000F00000000000000000F /* VideoListSidebar.swift in Sources */ = {isa = PBXBuildFile; fileRef = A2000F00000000000000000F /* VideoListSidebar.swift */; };
		A10010000000000000000010 /* VideoRowView.swift in Sources */ = {isa = PBXBuildFile; fileRef = A20010000000000000000010 /* VideoRowView.swift */; };
		A10011000000000000000011 /* VideoDetailView.swift in Sources */ = {isa = PBXBuildFile; fileRef = A20011000000000000000011 /* VideoDetailView.swift */; };
		A10012000000000000000012 /* CompressionSettingsView.swift in Sources */ = {isa = PBXBuildFile; fileRef = A20012000000000000000012 /* CompressionSettingsView.swift */; };
		A10013000000000000000013 /* MetadataEditorView.swift in Sources */ = {isa = PBXBuildFile; fileRef = A20013000000000000000013 /* MetadataEditorView.swift */; };
		A10014000000000000000014 /* OutputSettingsView.swift in Sources */ = {isa = PBXBuildFile; fileRef = A20014000000000000000014 /* OutputSettingsView.swift */; };
		A10015000000000000000015 /* ProgressPanel.swift in Sources */ = {isa = PBXBuildFile; fileRef = A20015000000000000000015 /* ProgressPanel.swift */; };
		A10016000000000000000016 /* JobProgressRow.swift in Sources */ = {isa = PBXBuildFile; fileRef = A20016000000000000000016 /* JobProgressRow.swift */; };
		A10017000000000000000017 /* OverallProgressBar.swift in Sources */ = {isa = PBXBuildFile; fileRef = A20017000000000000000017 /* OverallProgressBar.swift */; };
		A10018000000000000000018 /* LabeledSlider.swift in Sources */ = {isa = PBXBuildFile; fileRef = A20018000000000000000018 /* LabeledSlider.swift */; };
		A10019000000000000000019 /* FFmpegRunner.swift in Sources */ = {isa = PBXBuildFile; fileRef = A20019000000000000000019 /* FFmpegRunner.swift */; };
		A1001A00000000000000001A /* FFmpegProgressParser.swift in Sources */ = {isa = PBXBuildFile; fileRef = A2001A00000000000000001A /* FFmpegProgressParser.swift */; };
		A1001B00000000000000001B /* FFmpegCommandBuilder.swift in Sources */ = {isa = PBXBuildFile; fileRef = A2001B00000000000000001B /* FFmpegCommandBuilder.swift */; };
		A1001C00000000000000001C /* VideoProber.swift in Sources */ = {isa = PBXBuildFile; fileRef = A2001C00000000000000001C /* VideoProber.swift */; };
		A1001D00000000000000001D /* Assets.xcassets in Resources */ = {isa = PBXBuildFile; fileRef = A2001D00000000000000001D /* Assets.xcassets */; };
		A1001E00000000000000001E /* Theme.swift in Sources */ = {isa = PBXBuildFile; fileRef = A2001F00000000000000001F /* Theme.swift */; };
/* End PBXBuildFile section */

/* Begin PBXFileReference section */
		A20001000000000000000001 /* NotsoraApp.swift */ = {isa = PBXFileReference; lastKnownFileType = sourcecode.swift; path = NotsoraApp.swift; sourceTree = "<group>"; };
		A20002000000000000000002 /* AppConstants.swift */ = {isa = PBXFileReference; lastKnownFileType = sourcecode.swift; path = AppConstants.swift; sourceTree = "<group>"; };
		A20003000000000000000003 /* VideoFile.swift */ = {isa = PBXFileReference; lastKnownFileType = sourcecode.swift; path = VideoFile.swift; sourceTree = "<group>"; };
		A20004000000000000000004 /* CompressionSettings.swift */ = {isa = PBXFileReference; lastKnownFileType = sourcecode.swift; path = CompressionSettings.swift; sourceTree = "<group>"; };
		A20005000000000000000005 /* MetadataFields.swift */ = {isa = PBXFileReference; lastKnownFileType = sourcecode.swift; path = MetadataFields.swift; sourceTree = "<group>"; };
		A20006000000000000000006 /* CompressionJob.swift */ = {isa = PBXFileReference; lastKnownFileType = sourcecode.swift; path = CompressionJob.swift; sourceTree = "<group>"; };
		A20007000000000000000007 /* VideoCodec.swift */ = {isa = PBXFileReference; lastKnownFileType = sourcecode.swift; path = VideoCodec.swift; sourceTree = "<group>"; };
		A20008000000000000000008 /* AudioCodec.swift */ = {isa = PBXFileReference; lastKnownFileType = sourcecode.swift; path = AudioCodec.swift; sourceTree = "<group>"; };
		A20009000000000000000009 /* TargetResolution.swift */ = {isa = PBXFileReference; lastKnownFileType = sourcecode.swift; path = TargetResolution.swift; sourceTree = "<group>"; };
		A2000A00000000000000000A /* QualityMode.swift */ = {isa = PBXFileReference; lastKnownFileType = sourcecode.swift; path = QualityMode.swift; sourceTree = "<group>"; };
		A2000B00000000000000000B /* VideoListViewModel.swift */ = {isa = PBXFileReference; lastKnownFileType = sourcecode.swift; path = VideoListViewModel.swift; sourceTree = "<group>"; };
		A2000C00000000000000000C /* CompressionViewModel.swift */ = {isa = PBXFileReference; lastKnownFileType = sourcecode.swift; path = CompressionViewModel.swift; sourceTree = "<group>"; };
		A2000D00000000000000000D /* MetadataEditorViewModel.swift */ = {isa = PBXFileReference; lastKnownFileType = sourcecode.swift; path = MetadataEditorViewModel.swift; sourceTree = "<group>"; };
		A2000E00000000000000000E /* ContentView.swift */ = {isa = PBXFileReference; lastKnownFileType = sourcecode.swift; path = ContentView.swift; sourceTree = "<group>"; };
		A2000F00000000000000000F /* VideoListSidebar.swift */ = {isa = PBXFileReference; lastKnownFileType = sourcecode.swift; path = VideoListSidebar.swift; sourceTree = "<group>"; };
		A20010000000000000000010 /* VideoRowView.swift */ = {isa = PBXFileReference; lastKnownFileType = sourcecode.swift; path = VideoRowView.swift; sourceTree = "<group>"; };
		A20011000000000000000011 /* VideoDetailView.swift */ = {isa = PBXFileReference; lastKnownFileType = sourcecode.swift; path = VideoDetailView.swift; sourceTree = "<group>"; };
		A20012000000000000000012 /* CompressionSettingsView.swift */ = {isa = PBXFileReference; lastKnownFileType = sourcecode.swift; path = CompressionSettingsView.swift; sourceTree = "<group>"; };
		A20013000000000000000013 /* MetadataEditorView.swift */ = {isa = PBXFileReference; lastKnownFileType = sourcecode.swift; path = MetadataEditorView.swift; sourceTree = "<group>"; };
		A20014000000000000000014 /* OutputSettingsView.swift */ = {isa = PBXFileReference; lastKnownFileType = sourcecode.swift; path = OutputSettingsView.swift; sourceTree = "<group>"; };
		A20015000000000000000015 /* ProgressPanel.swift */ = {isa = PBXFileReference; lastKnownFileType = sourcecode.swift; path = ProgressPanel.swift; sourceTree = "<group>"; };
		A20016000000000000000016 /* JobProgressRow.swift */ = {isa = PBXFileReference; lastKnownFileType = sourcecode.swift; path = JobProgressRow.swift; sourceTree = "<group>"; };
		A20017000000000000000017 /* OverallProgressBar.swift */ = {isa = PBXFileReference; lastKnownFileType = sourcecode.swift; path = OverallProgressBar.swift; sourceTree = "<group>"; };
		A20018000000000000000018 /* LabeledSlider.swift */ = {isa = PBXFileReference; lastKnownFileType = sourcecode.swift; path = LabeledSlider.swift; sourceTree = "<group>"; };
		A20019000000000000000019 /* FFmpegRunner.swift */ = {isa = PBXFileReference; lastKnownFileType = sourcecode.swift; path = FFmpegRunner.swift; sourceTree = "<group>"; };
		A2001A00000000000000001A /* FFmpegProgressParser.swift */ = {isa = PBXFileReference; lastKnownFileType = sourcecode.swift; path = FFmpegProgressParser.swift; sourceTree = "<group>"; };
		A2001B00000000000000001B /* FFmpegCommandBuilder.swift */ = {isa = PBXFileReference; lastKnownFileType = sourcecode.swift; path = FFmpegCommandBuilder.swift; sourceTree = "<group>"; };
		A2001C00000000000000001C /* VideoProber.swift */ = {isa = PBXFileReference; lastKnownFileType = sourcecode.swift; path = VideoProber.swift; sourceTree = "<group>"; };
		A2001D00000000000000001D /* Assets.xcassets */ = {isa = PBXFileReference; lastKnownFileType = folder.assetcatalog; path = Assets.xcassets; sourceTree = "<group>"; };
		A2001E00000000000000001E /* notsora.entitlements */ = {isa = PBXFileReference; lastKnownFileType = text.plist.entitlements; path = notsora.entitlements; sourceTree = "<group>"; };
		A2001F00000000000000001F /* Theme.swift */ = {isa = PBXFileReference; lastKnownFileType = sourcecode.swift; path = Theme.swift; sourceTree = "<group>"; };
		A20020000000000000000020 /* notsora.app */ = {isa = PBXFileReference; explicitFileType = wrapper.application; includeInIndex = 0; path = notsora.app; sourceTree = BUILT_PRODUCTS_DIR; };
/* End PBXFileReference section */

/* Begin PBXFrameworksBuildPhase section */
		A30001000000000000000001 /* Frameworks */ = {
			isa = PBXFrameworksBuildPhase;
			buildActionMask = 2147483647;
			files = (
			);
			runOnlyForDeploymentPostprocessing = 0;
		};
/* End PBXFrameworksBuildPhase section */

/* Begin PBXGroup section */
		A40001000000000000000001 /* = BEGIN ROOT GROUP = */ = {
			isa = PBXGroup;
			children = (
				A40002000000000000000002 /* notsora */,
				A40003000000000000000003 /* Products */,
			);
			sourceTree = "<group>";
		};
		A40003000000000000000003 /* Products */ = {
			isa = PBXGroup;
			children = (
				A20020000000000000000020 /* notsora.app */,
			);
			name = Products;
			sourceTree = "<group>";
		};
		A40002000000000000000002 /* notsora */ = {
			isa = PBXGroup;
			children = (
				A40004000000000000000004 /* App */,
				A40005000000000000000005 /* Models */,
				A40007000000000000000007 /* ViewModels */,
				A40008000000000000000008 /* Views */,
				A4000D00000000000000000D /* Services */,
				A4000E00000000000000000E /* Resources */,
				A2001E00000000000000001E /* notsora.entitlements */,
			);
			path = notsora;
			sourceTree = "<group>";
		};
		A40004000000000000000004 /* App */ = {
			isa = PBXGroup;
			children = (
				A20001000000000000000001 /* NotsoraApp.swift */,
				A20002000000000000000002 /* AppConstants.swift */,
			);
			path = App;
			sourceTree = "<group>";
		};
		A40005000000000000000005 /* Models */ = {
			isa = PBXGroup;
			children = (
				A20003000000000000000003 /* VideoFile.swift */,
				A20004000000000000000004 /* CompressionSettings.swift */,
				A20005000000000000000005 /* MetadataFields.swift */,
				A20006000000000000000006 /* CompressionJob.swift */,
				A40006000000000000000006 /* Enums */,
			);
			path = Models;
			sourceTree = "<group>";
		};
		A40006000000000000000006 /* Enums */ = {
			isa = PBXGroup;
			children = (
				A20007000000000000000007 /* VideoCodec.swift */,
				A20008000000000000000008 /* AudioCodec.swift */,
				A20009000000000000000009 /* TargetResolution.swift */,
				A2000A00000000000000000A /* QualityMode.swift */,
			);
			path = Enums;
			sourceTree = "<group>";
		};
		A40007000000000000000007 /* ViewModels */ = {
			isa = PBXGroup;
			children = (
				A2000B00000000000000000B /* VideoListViewModel.swift */,
				A2000C00000000000000000C /* CompressionViewModel.swift */,
				A2000D00000000000000000D /* MetadataEditorViewModel.swift */,
			);
			path = ViewModels;
			sourceTree = "<group>";
		};
		A40008000000000000000008 /* Views */ = {
			isa = PBXGroup;
			children = (
				A2000E00000000000000000E /* ContentView.swift */,
				A40009000000000000000009 /* Sidebar */,
				A4000A00000000000000000A /* Detail */,
				A4000B00000000000000000B /* Progress */,
				A4000C00000000000000000C /* Shared */,
			);
			path = Views;
			sourceTree = "<group>";
		};
		A40009000000000000000009 /* Sidebar */ = {
			isa = PBXGroup;
			children = (
				A2000F00000000000000000F /* VideoListSidebar.swift */,
				A20010000000000000000010 /* VideoRowView.swift */,
			);
			path = Sidebar;
			sourceTree = "<group>";
		};
		A4000A00000000000000000A /* Detail */ = {
			isa = PBXGroup;
			children = (
				A20011000000000000000011 /* VideoDetailView.swift */,
				A20012000000000000000012 /* CompressionSettingsView.swift */,
				A20013000000000000000013 /* MetadataEditorView.swift */,
				A20014000000000000000014 /* OutputSettingsView.swift */,
			);
			path = Detail;
			sourceTree = "<group>";
		};
		A4000B00000000000000000B /* Progress */ = {
			isa = PBXGroup;
			children = (
				A20015000000000000000015 /* ProgressPanel.swift */,
				A20016000000000000000016 /* JobProgressRow.swift */,
				A20017000000000000000017 /* OverallProgressBar.swift */,
			);
			path = Progress;
			sourceTree = "<group>";
		};
		A4000C00000000000000000C /* Shared */ = {
			isa = PBXGroup;
			children = (
				A20018000000000000000018 /* LabeledSlider.swift */,
				A2001F00000000000000001F /* Theme.swift */,
			);
			path = Shared;
			sourceTree = "<group>";
		};
		A4000D00000000000000000D /* Services */ = {
			isa = PBXGroup;
			children = (
				A20019000000000000000019 /* FFmpegRunner.swift */,
				A2001A00000000000000001A /* FFmpegProgressParser.swift */,
				A2001B00000000000000001B /* FFmpegCommandBuilder.swift */,
				A2001C00000000000000001C /* VideoProber.swift */,
			);
			path = Services;
			sourceTree = "<group>";
		};
		A4000E00000000000000000E /* Resources */ = {
			isa = PBXGroup;
			children = (
				A2001D00000000000000001D /* Assets.xcassets */,
			);
			path = Resources;
			sourceTree = "<group>";
		};
/* End PBXGroup section */

/* Begin PBXNativeTarget section */
		A50001000000000000000001 /* notsora */ = {
			isa = PBXNativeTarget;
			buildConfigurationList = A70002000000000000000002 /* Build configuration list for PBXNativeTarget "notsora" */;
			buildPhases = (
				A60001000000000000000001 /* Sources */,
				A30001000000000000000001 /* Frameworks */,
				A60002000000000000000002 /* Resources */,
				A60003000000000000000003 /* Run Script - chmod ffmpeg binaries */,
			);
			buildRules = (
			);
			dependencies = (
			);
			name = notsora;
			productName = notsora;
			productReference = A20020000000000000000020 /* notsora.app */;
			productType = "com.apple.product-type.application";
		};
/* End PBXNativeTarget section */

/* Begin PBXProject section */
		A80001000000000000000001 /* Project object */ = {
			isa = PBXProject;
			attributes = {
				BuildIndependentTargetsInParallel = 1;
				LastSwiftUpdateCheck = 1540;
				LastUpgradeCheck = 1540;
				TargetAttributes = {
					A50001000000000000000001 = {
						CreatedOnToolsVersion = 15.4;
					};
				};
			};
			buildConfigurationList = A70001000000000000000001 /* Build configuration list for PBXProject "notsora" */;
			compatibilityVersion = "Xcode 14.0";
			developmentRegion = en;
			hasScannedForEncodings = 0;
			knownRegions = (
				en,
				Base,
			);
			mainGroup = A40001000000000000000001;
			productRefGroup = A40003000000000000000003 /* Products */;
			projectDirPath = "";
			projectRoot = "";
			targets = (
				A50001000000000000000001 /* notsora */,
			);
		};
/* End PBXProject section */

/* Begin PBXResourcesBuildPhase section */
		A60002000000000000000002 /* Resources */ = {
			isa = PBXResourcesBuildPhase;
			buildActionMask = 2147483647;
			files = (
				A1001D00000000000000001D /* Assets.xcassets in Resources */,
			);
			runOnlyForDeploymentPostprocessing = 0;
		};
/* End PBXResourcesBuildPhase section */

/* Begin PBXShellScriptBuildPhase section */
		A60003000000000000000003 /* Run Script - chmod ffmpeg binaries */ = {
			isa = PBXShellScriptBuildPhase;
			alwaysOutOfDate = 1;
			buildActionMask = 2147483647;
			files = (
			);
			inputFileListPaths = (
			);
			inputPaths = (
			);
			name = "Run Script - chmod ffmpeg binaries";
			outputFileListPaths = (
			);
			outputPaths = (
			);
			runOnlyForDeploymentPostprocessing = 0;
			shellPath = /bin/sh;
			shellScript = "chmod +x \"${BUILT_PRODUCTS_DIR}/${UNLOCALIZED_RESOURCES_FOLDER_PATH}/ffmpeg\" 2>/dev/null; chmod +x \"${BUILT_PRODUCTS_DIR}/${UNLOCALIZED_RESOURCES_FOLDER_PATH}/ffprobe\" 2>/dev/null; true\n";
		};
/* End PBXShellScriptBuildPhase section */

/* Begin PBXSourcesBuildPhase section */
		A60001000000000000000001 /* Sources */ = {
			isa = PBXSourcesBuildPhase;
			buildActionMask = 2147483647;
			files = (
				A10001000000000000000001 /* NotsoraApp.swift in Sources */,
				A10002000000000000000002 /* AppConstants.swift in Sources */,
				A10003000000000000000003 /* VideoFile.swift in Sources */,
				A10004000000000000000004 /* CompressionSettings.swift in Sources */,
				A10005000000000000000005 /* MetadataFields.swift in Sources */,
				A10006000000000000000006 /* CompressionJob.swift in Sources */,
				A10007000000000000000007 /* VideoCodec.swift in Sources */,
				A10008000000000000000008 /* AudioCodec.swift in Sources */,
				A10009000000000000000009 /* TargetResolution.swift in Sources */,
				A1000A00000000000000000A /* QualityMode.swift in Sources */,
				A1000B00000000000000000B /* VideoListViewModel.swift in Sources */,
				A1000C00000000000000000C /* CompressionViewModel.swift in Sources */,
				A1000D00000000000000000D /* MetadataEditorViewModel.swift in Sources */,
				A1000E00000000000000000E /* ContentView.swift in Sources */,
				A1000F00000000000000000F /* VideoListSidebar.swift in Sources */,
				A10010000000000000000010 /* VideoRowView.swift in Sources */,
				A10011000000000000000011 /* VideoDetailView.swift in Sources */,
				A10012000000000000000012 /* CompressionSettingsView.swift in Sources */,
				A10013000000000000000013 /* MetadataEditorView.swift in Sources */,
				A10014000000000000000014 /* OutputSettingsView.swift in Sources */,
				A10015000000000000000015 /* ProgressPanel.swift in Sources */,
				A10016000000000000000016 /* JobProgressRow.swift in Sources */,
				A10017000000000000000017 /* OverallProgressBar.swift in Sources */,
				A10018000000000000000018 /* LabeledSlider.swift in Sources */,
				A1001E00000000000000001E /* Theme.swift in Sources */,
				A10019000000000000000019 /* FFmpegRunner.swift in Sources */,
				A1001A00000000000000001A /* FFmpegProgressParser.swift in Sources */,
				A1001B00000000000000001B /* FFmpegCommandBuilder.swift in Sources */,
				A1001C00000000000000001C /* VideoProber.swift in Sources */,
			);
			runOnlyForDeploymentPostprocessing = 0;
		};
/* End PBXSourcesBuildPhase section */

/* Begin XCBuildConfiguration section */
		B10001000000000000000001 /* Debug */ = {
			isa = XCBuildConfiguration;
			buildSettings = {
				ALWAYS_SEARCH_USER_PATHS = NO;
				ASSETCATALOG_COMPILER_GENERATE_SWIFT_ASSET_SYMBOL_EXTENSIONS = YES;
				CLANG_ANALYZER_NONNULL = YES;
				CLANG_ANALYZER_NUMBER_OBJECT_CONVERSION = YES_AGGRESSIVE;
				CLANG_CXX_LANGUAGE_STANDARD = "gnu++20";
				CLANG_ENABLE_MODULES = YES;
				CLANG_ENABLE_OBJC_ARC = YES;
				CLANG_ENABLE_OBJC_WEAK = YES;
				CLANG_WARN_BLOCK_CAPTURE_AUTORELEASING = YES;
				CLANG_WARN_BOOL_CONVERSION = YES;
				CLANG_WARN_COMMA = YES;
				CLANG_WARN_CONSTANT_CONVERSION = YES;
				CLANG_WARN_DEPRECATED_OBJC_IMPLEMENTATIONS = YES;
				CLANG_WARN_DIRECT_OBJC_ISA_USAGE = YES_ERROR;
				CLANG_WARN_DOCUMENTATION_COMMENTS = YES;
				CLANG_WARN_EMPTY_BODY = YES;
				CLANG_WARN_ENUM_CONVERSION = YES;
				CLANG_WARN_INFINITE_RECURSION = YES;
				CLANG_WARN_INT_CONVERSION = YES;
				CLANG_WARN_NON_LITERAL_NULL_CONVERSION = YES;
				CLANG_WARN_OBJC_IMPLICIT_RETAIN_SELF = YES;
				CLANG_WARN_OBJC_LITERAL_CONVERSION = YES;
				CLANG_WARN_OBJC_ROOT_CLASS = YES_ERROR;
				CLANG_WARN_QUOTED_INCLUDE_IN_FRAMEWORK_HEADER = YES;
				CLANG_WARN_RANGE_LOOP_ANALYSIS = YES;
				CLANG_WARN_STRICT_PROTOTYPES = YES;
				CLANG_WARN_SUSPICIOUS_MOVE = YES;
				CLANG_WARN_UNGUARDED_AVAILABILITY = YES_AGGRESSIVE;
				CLANG_WARN_UNREACHABLE_CODE = YES;
				CLANG_WARN__DUPLICATE_METHOD_MATCH = YES;
				COPY_PHASE_STRIP = NO;
				DEBUG_INFORMATION_FORMAT = dwarf;
				ENABLE_STRICT_OBJC_MSGSEND = YES;
				ENABLE_TESTABILITY = YES;
				ENABLE_USER_SCRIPT_SANDBOXING = YES;
				GCC_C_LANGUAGE_STANDARD = gnu17;
				GCC_DYNAMIC_NO_PIC = NO;
				GCC_NO_COMMON_BLOCKS = YES;
				GCC_OPTIMIZATION_LEVEL = 0;
				GCC_PREPROCESSOR_DEFINITIONS = (
					"DEBUG=1",
					"$(inherited)",
				);
				GCC_WARN_64_TO_32_BIT_CONVERSION = YES;
				GCC_WARN_ABOUT_RETURN_TYPE = YES_ERROR;
				GCC_WARN_UNDECLARED_SELECTOR = YES;
				GCC_WARN_UNINITIALIZED_AUTOS = YES_AGGRESSIVE;
				GCC_WARN_UNUSED_FUNCTION = YES;
				GCC_WARN_UNUSED_VARIABLE = YES;
				MACOSX_DEPLOYMENT_TARGET = 14.0;
				MTL_ENABLE_DEBUG_INFO = INCLUDE_SOURCE;
				MTL_FAST_MATH = YES;
				ONLY_ACTIVE_ARCH = YES;
				SDKROOT = macosx;
				SWIFT_ACTIVE_COMPILATION_CONDITIONS = "$(inherited) DEBUG";
				SWIFT_OPTIMIZATION_LEVEL = "-Onone";
			};
			name = Debug;
		};
		B10002000000000000000002 /* Release */ = {
			isa = XCBuildConfiguration;
			buildSettings = {
				ALWAYS_SEARCH_USER_PATHS = NO;
				ASSETCATALOG_COMPILER_GENERATE_SWIFT_ASSET_SYMBOL_EXTENSIONS = YES;
				CLANG_ANALYZER_NONNULL = YES;
				CLANG_ANALYZER_NUMBER_OBJECT_CONVERSION = YES_AGGRESSIVE;
				CLANG_CXX_LANGUAGE_STANDARD = "gnu++20";
				CLANG_ENABLE_MODULES = YES;
				CLANG_ENABLE_OBJC_ARC = YES;
				CLANG_ENABLE_OBJC_WEAK = YES;
				CLANG_WARN_BLOCK_CAPTURE_AUTORELEASING = YES;
				CLANG_WARN_BOOL_CONVERSION = YES;
				CLANG_WARN_COMMA = YES;
				CLANG_WARN_CONSTANT_CONVERSION = YES;
				CLANG_WARN_DEPRECATED_OBJC_IMPLEMENTATIONS = YES;
				CLANG_WARN_DIRECT_OBJC_ISA_USAGE = YES_ERROR;
				CLANG_WARN_DOCUMENTATION_COMMENTS = YES;
				CLANG_WARN_EMPTY_BODY = YES;
				CLANG_WARN_ENUM_CONVERSION = YES;
				CLANG_WARN_INFINITE_RECURSION = YES;
				CLANG_WARN_INT_CONVERSION = YES;
				CLANG_WARN_NON_LITERAL_NULL_CONVERSION = YES;
				CLANG_WARN_OBJC_IMPLICIT_RETAIN_SELF = YES;
				CLANG_WARN_OBJC_LITERAL_CONVERSION = YES;
				CLANG_WARN_OBJC_ROOT_CLASS = YES_ERROR;
				CLANG_WARN_QUOTED_INCLUDE_IN_FRAMEWORK_HEADER = YES;
				CLANG_WARN_RANGE_LOOP_ANALYSIS = YES;
				CLANG_WARN_STRICT_PROTOTYPES = YES;
				CLANG_WARN_SUSPICIOUS_MOVE = YES;
				CLANG_WARN_UNGUARDED_AVAILABILITY = YES_AGGRESSIVE;
				CLANG_WARN_UNREACHABLE_CODE = YES;
				CLANG_WARN__DUPLICATE_METHOD_MATCH = YES;
				COPY_PHASE_STRIP = NO;
				DEBUG_INFORMATION_FORMAT = "dwarf-with-dsym";
				ENABLE_NS_ASSERTIONS = NO;
				ENABLE_STRICT_OBJC_MSGSEND = YES;
				ENABLE_USER_SCRIPT_SANDBOXING = YES;
				GCC_C_LANGUAGE_STANDARD = gnu17;
				GCC_NO_COMMON_BLOCKS = YES;
				GCC_WARN_64_TO_32_BIT_CONVERSION = YES;
				GCC_WARN_ABOUT_RETURN_TYPE = YES_ERROR;
				GCC_WARN_UNDECLARED_SELECTOR = YES;
				GCC_WARN_UNINITIALIZED_AUTOS = YES_AGGRESSIVE;
				GCC_WARN_UNUSED_FUNCTION = YES;
				GCC_WARN_UNUSED_VARIABLE = YES;
				MACOSX_DEPLOYMENT_TARGET = 14.0;
				MTL_ENABLE_DEBUG_INFO = NO;
				MTL_FAST_MATH = YES;
				SDKROOT = macosx;
				SWIFT_COMPILATION_MODE = wholemodule;
			};
			name = Release;
		};
		B10003000000000000000003 /* Debug */ = {
			isa = XCBuildConfiguration;
			buildSettings = {
				ASSETCATALOG_COMPILER_APPICON_NAME = AppIcon;
				ASSETCATALOG_COMPILER_GLOBAL_ACCENT_COLOR_NAME = AccentColor;
				CODE_SIGN_ENTITLEMENTS = notsora/notsora.entitlements;
				CODE_SIGN_IDENTITY = "-";
				CODE_SIGN_STYLE = Automatic;
				COMBINE_HIDPI_IMAGES = YES;
				CURRENT_PROJECT_VERSION = 1;
				DEVELOPMENT_TEAM = "";
				ENABLE_HARDENED_RUNTIME = YES;
				GENERATE_INFOPLIST_FILE = YES;
				INFOPLIST_KEY_NSHumanReadableCopyright = "";
				INFOPLIST_KEY_NSPrincipalClass = NSApplication;
				LD_RUNPATH_SEARCH_PATHS = (
					"$(inherited)",
					"@executable_path/../Frameworks",
				);
				MARKETING_VERSION = 1.0;
				PRODUCT_BUNDLE_IDENTIFIER = com.notsora.app;
				PRODUCT_NAME = "$(TARGET_NAME)";
				SWIFT_EMIT_LOC_STRINGS = YES;
				SWIFT_STRICT_CONCURRENCY = complete;
				SWIFT_VERSION = 5.0;
			};
			name = Debug;
		};
		B10004000000000000000004 /* Release */ = {
			isa = XCBuildConfiguration;
			buildSettings = {
				ASSETCATALOG_COMPILER_APPICON_NAME = AppIcon;
				ASSETCATALOG_COMPILER_GLOBAL_ACCENT_COLOR_NAME = AccentColor;
				CODE_SIGN_ENTITLEMENTS = notsora/notsora.entitlements;
				CODE_SIGN_IDENTITY = "-";
				CODE_SIGN_STYLE = Automatic;
				COMBINE_HIDPI_IMAGES = YES;
				CURRENT_PROJECT_VERSION = 1;
				DEVELOPMENT_TEAM = "";
				ENABLE_HARDENED_RUNTIME = YES;
				GENERATE_INFOPLIST_FILE = YES;
				INFOPLIST_KEY_NSHumanReadableCopyright = "";
				INFOPLIST_KEY_NSPrincipalClass = NSApplication;
				LD_RUNPATH_SEARCH_PATHS = (
					"$(inherited)",
					"@executable_path/../Frameworks",
				);
				MARKETING_VERSION = 1.0;
				PRODUCT_BUNDLE_IDENTIFIER = com.notsora.app;
				PRODUCT_NAME = "$(TARGET_NAME)";
				SWIFT_EMIT_LOC_STRINGS = YES;
				SWIFT_STRICT_CONCURRENCY = complete;
				SWIFT_VERSION = 5.0;
			};
			name = Release;
		};
/* End XCBuildConfiguration section */

/* Begin XCConfigurationList section */
		A70001000000000000000001 /* Build configuration list for PBXProject "notsora" */ = {
			isa = XCConfigurationList;
			buildConfigurations = (
				B10001000000000000000001 /* Debug */,
				B10002000000000000000002 /* Release */,
			);
			defaultConfigurationIsVisible = 0;
			defaultConfigurationName = Release;
		};
		A70002000000000000000002 /* Build configuration list for PBXNativeTarget "notsora" */ = {
			isa = XCConfigurationList;
			buildConfigurations = (
				B10003000000000000000003 /* Debug */,
				B10004000000000000000004 /* Release */,
			);
			defaultConfigurationIsVisible = 0;
			defaultConfigurationName = Release;
		};
/* End XCConfigurationList section */
	};
	rootObject = A80001000000000000000001 /* Project object */;
}
